// !$*UTF8*$!
{
	archiveVersion = 1;
	classes = {
	};
	objectVersion = 51;
	objects = {

/* Begin PBXBuildFile section */
		0E96674ED66961AE7D6E29D3 /* Pods_gmoneymap.framework in Frameworks */ = {isa = PBXBuildFile; fileRef = 47B7F19941F55A771B633267 /* Pods_gmoneymap.framework */; };
		2E0251E5267CDFCF00396486 /* UIColorExt.swift in Sources */ = {isa = PBXBuildFile; fileRef = 2E0251E4267CDFCF00396486 /* UIColorExt.swift */; };
		2E1D775A267F270F00ED58F2 /* GMapService.swift in Sources */ = {isa = PBXBuildFile; fileRef = 2E1D7759267F270F00ED58F2 /* GMapService.swift */; };
		2E1D775C267F27DF00ED58F2 /* GMapService+TargetType.swift in Sources */ = {isa = PBXBuildFile; fileRef = 2E1D775B267F27DF00ED58F2 /* GMapService+TargetType.swift */; };
		2E204A5126710961002C03C1 /* Screen.swift in Sources */ = {isa = PBXBuildFile; fileRef = 2E204A5026710961002C03C1 /* Screen.swift */; };
		2E26B1FE269AED3A0099B754 /* DetailDialogViewController.swift in Sources */ = {isa = PBXBuildFile; fileRef = 2E26B1FD269AED3A0099B754 /* DetailDialogViewController.swift */; };
		2E34A1042674A8F4002F31BF /* TabBarCell.swift in Sources */ = {isa = PBXBuildFile; fileRef = 2E34A1022674A8F4002F31BF /* TabBarCell.swift */; };
		2E34A1052674A8F4002F31BF /* TabBarCell.xib in Resources */ = {isa = PBXBuildFile; fileRef = 2E34A1032674A8F4002F31BF /* TabBarCell.xib */; };
		2E34A1072674B90B002F31BF /* UICollectionViewExt.swift in Sources */ = {isa = PBXBuildFile; fileRef = 2E34A1062674B90B002F31BF /* UICollectionViewExt.swift */; };
		2E3E29DD26CEA5A600DA4A2E /* ResultViewController+Search.swift in Sources */ = {isa = PBXBuildFile; fileRef = 2E3E29DC26CEA5A600DA4A2E /* ResultViewController+Search.swift */; };
		2E46576826872A010078727B /* GMapManager.swift in Sources */ = {isa = PBXBuildFile; fileRef = 2E46576726872A010078727B /* GMapManager.swift */; };
		2E466671267F48DE00A57B8B /* SearchViewModel.swift in Sources */ = {isa = PBXBuildFile; fileRef = 2E466670267F48DE00A57B8B /* SearchViewModel.swift */; };
		2E466673267F494500A57B8B /* VerbosePlugin.swift in Sources */ = {isa = PBXBuildFile; fileRef = 2E466672267F494500A57B8B /* VerbosePlugin.swift */; };
		2E466676267F58E600A57B8B /* SearchModel.swift in Sources */ = {isa = PBXBuildFile; fileRef = 2E466675267F58E600A57B8B /* SearchModel.swift */; };
		2E68E62C266F9BA600172E6F /* Keyboard.swift in Sources */ = {isa = PBXBuildFile; fileRef = 2E68E62B266F9BA600172E6F /* Keyboard.swift */; };
		2E75121726D96C8800828316 /* hanullim.ttf in Resources */ = {isa = PBXBuildFile; fileRef = 2E75121626D96C8800828316 /* hanullim.ttf */; };
		2E76B5F6267A46BB00E033EB /* MenuTableViewCell.swift in Sources */ = {isa = PBXBuildFile; fileRef = 2E76B5F4267A46BB00E033EB /* MenuTableViewCell.swift */; };
		2E76B5F7267A46BB00E033EB /* MenuTableViewCell.xib in Resources */ = {isa = PBXBuildFile; fileRef = 2E76B5F5267A46BB00E033EB /* MenuTableViewCell.xib */; };
		2E7D950926DA73B7002F4E21 /* AppFont.swift in Sources */ = {isa = PBXBuildFile; fileRef = 2E7D950826DA73B7002F4E21 /* AppFont.swift */; };
		2E81436626A7ECFE007DD828 /* ResultViewController.swift in Sources */ = {isa = PBXBuildFile; fileRef = 2E81436526A7ECFE007DD828 /* ResultViewController.swift */; };
		2E8453932694EAE60097D868 /* BottomPickerViewTextField.swift in Sources */ = {isa = PBXBuildFile; fileRef = 2E8453922694EAE60097D868 /* BottomPickerViewTextField.swift */; };
		2E9889D9268757AD00CC433F /* BaseViewController.swift in Sources */ = {isa = PBXBuildFile; fileRef = 2E9889D8268757AD00CC433F /* BaseViewController.swift */; };
		2E9D5B57267A400A0071589C /* BottomSheetViewController+UICollectionView.swift in Sources */ = {isa = PBXBuildFile; fileRef = 2E9D5B56267A400A0071589C /* BottomSheetViewController+UICollectionView.swift */; };
		2E9D5B59267A403B0071589C /* BottomSheetViewController+UIScrollView.swift in Sources */ = {isa = PBXBuildFile; fileRef = 2E9D5B58267A403B0071589C /* BottomSheetViewController+UIScrollView.swift */; };
		2E9D5B5C267A41020071589C /* SearchView.swift in Sources */ = {isa = PBXBuildFile; fileRef = 2E9D5B5B267A41020071589C /* SearchView.swift */; };
		2E9D5B5F267A41060071589C /* MenuView.swift in Sources */ = {isa = PBXBuildFile; fileRef = 2E9D5B5D267A41050071589C /* MenuView.swift */; };
		2E9D5B60267A42B10071589C /* MenuView.xib in Resources */ = {isa = PBXBuildFile; fileRef = 2E9D5B5E267A41050071589C /* MenuView.xib */; };
		2E9D5B61267A42B50071589C /* SearchView.xib in Resources */ = {isa = PBXBuildFile; fileRef = 2E9D5B5A267A41020071589C /* SearchView.xib */; };
		2E9D79BB2667171D00D8625A /* OpenGLES.framework in Frameworks */ = {isa = PBXBuildFile; fileRef = 2E9D79BA2667171D00D8625A /* OpenGLES.framework */; };
		2E9D79BD2667172F00D8625A /* SystemConfiguration.framework in Frameworks */ = {isa = PBXBuildFile; fileRef = 2E9D79BC2667172F00D8625A /* SystemConfiguration.framework */; };
		2E9D79BF2667173600D8625A /* CoreLocation.framework in Frameworks */ = {isa = PBXBuildFile; fileRef = 2E9D79BE2667173600D8625A /* CoreLocation.framework */; };
		2E9D79C12667173E00D8625A /* QuartzCore.framework in Frameworks */ = {isa = PBXBuildFile; fileRef = 2E9D79C02667173E00D8625A /* QuartzCore.framework */; };
		2E9D79C82667190000D8625A /* libc++.tbd in Frameworks */ = {isa = PBXBuildFile; fileRef = 2E9D79C22667174800D8625A /* libc++.tbd */; };
		2E9D79C92667190700D8625A /* libxml2.tbd in Frameworks */ = {isa = PBXBuildFile; fileRef = 2E9D79C32667175000D8625A /* libxml2.tbd */; };
		2E9D79CA2667190F00D8625A /* libsqlite3.tbd in Frameworks */ = {isa = PBXBuildFile; fileRef = 2E9D79C42667175700D8625A /* libsqlite3.tbd */; };
		2E9D79F22667196000D8625A /* map_pinup_custom@3x.png in Resources */ = {isa = PBXBuildFile; fileRef = 2E9D79CD2667196000D8625A /* map_pinup_custom@3x.png */; };
		2E9D79F32667196000D8625A /* map_pin_custom.png in Resources */ = {isa = PBXBuildFile; fileRef = 2E9D79CE2667196000D8625A /* map_pin_custom.png */; };
		2E9D79F42667196000D8625A /* shadow_balloon.png in Resources */ = {isa = PBXBuildFile; fileRef = 2E9D79CF2667196000D8625A /* shadow_balloon.png */; };
		2E9D79F52667196000D8625A /* map_pinup.png in Resources */ = {isa = PBXBuildFile; fileRef = 2E9D79D02667196000D8625A /* map_pinup.png */; };
		2E9D79F62667196000D8625A /* detail_button.png in Resources */ = {isa = PBXBuildFile; fileRef = 2E9D79D12667196000D8625A /* detail_button.png */; };
		2E9D79F72667196000D8625A /* map_pin_custom@3x.png in Resources */ = {isa = PBXBuildFile; fileRef = 2E9D79D22667196000D8625A /* map_pin_custom@3x.png */; };
		2E9D79F82667196000D8625A /* map_pinup@3x.png in Resources */ = {isa = PBXBuildFile; fileRef = 2E9D79D32667196000D8625A /* map_pinup@3x.png */; };
		2E9D79F92667196000D8625A /* map_pin_shadow@3x.png in Resources */ = {isa = PBXBuildFile; fileRef = 2E9D79D42667196000D8625A /* map_pin_shadow@3x.png */; };
		2E9D79FA2667196000D8625A /* copyright.png in Resources */ = {isa = PBXBuildFile; fileRef = 2E9D79D52667196000D8625A /* copyright.png */; };
		2E9D79FB2667196000D8625A /* th_line.png in Resources */ = {isa = PBXBuildFile; fileRef = 2E9D79D62667196000D8625A /* th_line.png */; };
		2E9D79FC2667196000D8625A /* map_pin_red@3x.png in Resources */ = {isa = PBXBuildFile; fileRef = 2E9D79D72667196000D8625A /* map_pin_red@3x.png */; };
		2E9D79FD2667196000D8625A /* daum_copyright.png in Resources */ = {isa = PBXBuildFile; fileRef = 2E9D79D82667196000D8625A /* daum_copyright.png */; };
		2E9D79FE2667196000D8625A /* map_pin@3x.png in Resources */ = {isa = PBXBuildFile; fileRef = 2E9D79D92667196000D8625A /* map_pin@3x.png */; };
		2E9D79FF2667196000D8625A /* map_present_tracking.png in Resources */ = {isa = PBXBuildFile; fileRef = 2E9D79DA2667196000D8625A /* map_present_tracking.png */; };
		2E9D7A002667196000D8625A /* map_pin_red.png in Resources */ = {isa = PBXBuildFile; fileRef = 2E9D79DB2667196000D8625A /* map_pin_red.png */; };
		2E9D7A012667196000D8625A /* info_box.png in Resources */ = {isa = PBXBuildFile; fileRef = 2E9D79E52667196000D8625A /* info_box.png */; };
		2E9D7A022667196000D8625A /* point_sprite.png in Resources */ = {isa = PBXBuildFile; fileRef = 2E9D79E62667196000D8625A /* point_sprite.png */; };
		2E9D7A032667196000D8625A /* map_pinup_custom.png in Resources */ = {isa = PBXBuildFile; fileRef = 2E9D79E72667196000D8625A /* map_pinup_custom.png */; };
		2E9D7A042667196000D8625A /* info_box_tail.png in Resources */ = {isa = PBXBuildFile; fileRef = 2E9D79E82667196000D8625A /* info_box_tail.png */; };
		2E9D7A052667196000D8625A /* noimage256.png in Resources */ = {isa = PBXBuildFile; fileRef = 2E9D79E92667196000D8625A /* noimage256.png */; };
		2E9D7A062667196000D8625A /* map_present_direction.png in Resources */ = {isa = PBXBuildFile; fileRef = 2E9D79EA2667196000D8625A /* map_present_direction.png */; };
		2E9D7A072667196000D8625A /* map_pin.png in Resources */ = {isa = PBXBuildFile; fileRef = 2E9D79EB2667196000D8625A /* map_pin.png */; };
		2E9D7A082667196000D8625A /* map_present.png in Resources */ = {isa = PBXBuildFile; fileRef = 2E9D79EC2667196000D8625A /* map_present.png */; };
		2E9D7A092667196000D8625A /* noimage.png in Resources */ = {isa = PBXBuildFile; fileRef = 2E9D79ED2667196000D8625A /* noimage.png */; };
		2E9D7A0A2667196000D8625A /* map_present_background_update.png in Resources */ = {isa = PBXBuildFile; fileRef = 2E9D79EE2667196000D8625A /* map_present_background_update.png */; };
		2E9D7A0B2667196000D8625A /* daum_th_line.png in Resources */ = {isa = PBXBuildFile; fileRef = 2E9D79EF2667196000D8625A /* daum_th_line.png */; };
		2E9D7A0C2667196000D8625A /* map_pin_shadow.png in Resources */ = {isa = PBXBuildFile; fileRef = 2E9D79F02667196000D8625A /* map_pin_shadow.png */; };
		2E9D7A0D2667196000D8625A /* DaumMap.framework in Frameworks */ = {isa = PBXBuildFile; fileRef = 2E9D79F12667196000D8625A /* DaumMap.framework */; };
		2E9D7A1626671BB800D8625A /* UITableViewExt.swift in Sources */ = {isa = PBXBuildFile; fileRef = 2E9D7A1026671BB800D8625A /* UITableViewExt.swift */; };
		2E9D7A1726671BB800D8625A /* NSObjectExt.swift in Sources */ = {isa = PBXBuildFile; fileRef = 2E9D7A1126671BB800D8625A /* NSObjectExt.swift */; };
		2E9D7A1826671BB800D8625A /* DynamicSizeExt.swift in Sources */ = {isa = PBXBuildFile; fileRef = 2E9D7A1226671BB800D8625A /* DynamicSizeExt.swift */; };
		2E9D7A1A26671BB800D8625A /* DynamicSize.swift in Sources */ = {isa = PBXBuildFile; fileRef = 2E9D7A1526671BB800D8625A /* DynamicSize.swift */; };
		2E9D7A1C26671C4500D8625A /* CustomKit.swift in Sources */ = {isa = PBXBuildFile; fileRef = 2E9D7A1B26671C4500D8625A /* CustomKit.swift */; };
		2E9D7A20266741BE00D8625A /* UIViewExt.swift in Sources */ = {isa = PBXBuildFile; fileRef = 2E9D7A1F266741BE00D8625A /* UIViewExt.swift */; };
		2EA338912676683E00D8E9FA /* DownloadView.swift in Sources */ = {isa = PBXBuildFile; fileRef = 2EA338902676683E00D8E9FA /* DownloadView.swift */; };
		2EA3389426766AE100D8E9FA /* DownloadView.xib in Resources */ = {isa = PBXBuildFile; fileRef = 2EA338922676684D00D8E9FA /* DownloadView.xib */; };
		2EBC1C1D26A7E91A0009FF2B /* ResultListCell.swift in Sources */ = {isa = PBXBuildFile; fileRef = 2EBC1C1B26A7E91A0009FF2B /* ResultListCell.swift */; };
		2EBC1C1E26A7E91A0009FF2B /* ResultListCell.xib in Resources */ = {isa = PBXBuildFile; fileRef = 2EBC1C1C26A7E91A0009FF2B /* ResultListCell.xib */; };
		2EC11DDB26652A2B007C85F2 /* AppDelegate.swift in Sources */ = {isa = PBXBuildFile; fileRef = 2EC11DDA26652A2B007C85F2 /* AppDelegate.swift */; };
		2EC11DE226652A2B007C85F2 /* Main.storyboard in Resources */ = {isa = PBXBuildFile; fileRef = 2EC11DE026652A2B007C85F2 /* Main.storyboard */; };
		2EC11DE426652A2C007C85F2 /* Assets.xcassets in Resources */ = {isa = PBXBuildFile; fileRef = 2EC11DE326652A2C007C85F2 /* Assets.xcassets */; };
		2EC11DE726652A2C007C85F2 /* LaunchScreen.storyboard in Resources */ = {isa = PBXBuildFile; fileRef = 2EC11DE526652A2C007C85F2 /* LaunchScreen.storyboard */; };
		2EC38FDB266CD6F0008D2CE4 /* MapViewController.swift in Sources */ = {isa = PBXBuildFile; fileRef = 2EC38FDA266CD6F0008D2CE4 /* MapViewController.swift */; };
		2EC38FE2266E6CCC008D2CE4 /* GMapDefine.swift in Sources */ = {isa = PBXBuildFile; fileRef = 2EC38FE1266E6CCC008D2CE4 /* GMapDefine.swift */; };
		2ED2703B269B4D2E00ED749D /* OverlapDialogViewController.swift in Sources */ = {isa = PBXBuildFile; fileRef = 2ED2703A269B4D2E00ED749D /* OverlapDialogViewController.swift */; };
		2ED2703D269B4D5400ED749D /* BasePopupViewController.swift in Sources */ = {isa = PBXBuildFile; fileRef = 2ED2703C269B4D5400ED749D /* BasePopupViewController.swift */; };
		2ED976D026677CCE009CCCC1 /* BaseViewWithXIB.swift in Sources */ = {isa = PBXBuildFile; fileRef = 2ED976CF26677CCE009CCCC1 /* BaseViewWithXIB.swift */; };
		2ED976D326678601009CCCC1 /* CategoryViewCell.swift in Sources */ = {isa = PBXBuildFile; fileRef = 2ED976D126678601009CCCC1 /* CategoryViewCell.swift */; };
		2ED976D426678601009CCCC1 /* CategoryViewCell.xib in Resources */ = {isa = PBXBuildFile; fileRef = 2ED976D226678601009CCCC1 /* CategoryViewCell.xib */; };
		2EE040E6267E14FE005D917D /* MapViewController+MTMapView.swift in Sources */ = {isa = PBXBuildFile; fileRef = 2EE040E5267E14FE005D917D /* MapViewController+MTMapView.swift */; };
		2EE040E8267E1AE8005D917D /* MapViewController+CLLocationManager.swift in Sources */ = {isa = PBXBuildFile; fileRef = 2EE040E7267E1AE8005D917D /* MapViewController+CLLocationManager.swift */; };
		2EE040EA267E1D37005D917D /* TestLocation.gpx in Resources */ = {isa = PBXBuildFile; fileRef = 2EE040E9267E1D37005D917D /* TestLocation.gpx */; };
		2EF7A15026675FE800732BC3 /* CategoryScrollView.swift in Sources */ = {isa = PBXBuildFile; fileRef = 2EF7A14E26675FE800732BC3 /* CategoryScrollView.swift */; };
		2EF7A15126675FE800732BC3 /* CategoryScrollView.xib in Resources */ = {isa = PBXBuildFile; fileRef = 2EF7A14F26675FE800732BC3 /* CategoryScrollView.xib */; };
		2EFE23AC26745CB000AFF2D1 /* BottomSheetContainerViewController.swift in Sources */ = {isa = PBXBuildFile; fileRef = 2EFE23AB26745CB000AFF2D1 /* BottomSheetContainerViewController.swift */; };
		2EFE23AE267470D300AFF2D1 /* BottomSheetViewController.swift in Sources */ = {isa = PBXBuildFile; fileRef = 2EFE23AD267470D300AFF2D1 /* BottomSheetViewController.swift */; };
		2EFE23B0267470EC00AFF2D1 /* ContainerViewController.swift in Sources */ = {isa = PBXBuildFile; fileRef = 2EFE23AF267470EC00AFF2D1 /* ContainerViewController.swift */; };
		2EFE23B2267474E800AFF2D1 /* UIViewControllerExt.swift in Sources */ = {isa = PBXBuildFile; fileRef = 2EFE23B1267474E800AFF2D1 /* UIViewControllerExt.swift */; };
		563196B9269D7195000640E5 /* AppInfoPopupViewController.swift in Sources */ = {isa = PBXBuildFile; fileRef = 563196B8269D7195000640E5 /* AppInfoPopupViewController.swift */; };
		563196BC269D7888000640E5 /* Popup.storyboard in Resources */ = {isa = PBXBuildFile; fileRef = 563196BB269D7888000640E5 /* Popup.storyboard */; };
		564CC034269EC28100DD0968 /* NoticeListViewController.swift in Sources */ = {isa = PBXBuildFile; fileRef = 564CC033269EC28100DD0968 /* NoticeListViewController.swift */; };
		564CC037269EC52E00DD0968 /* NoticeListCell.swift in Sources */ = {isa = PBXBuildFile; fileRef = 564CC035269EC52E00DD0968 /* NoticeListCell.swift */; };
		564CC038269EC52E00DD0968 /* NoticeListCell.xib in Resources */ = {isa = PBXBuildFile; fileRef = 564CC036269EC52E00DD0968 /* NoticeListCell.xib */; };
		56F0CE2726A154FF00467859 /* GoogleService-Info.plist in Resources */ = {isa = PBXBuildFile; fileRef = 56F0CE2626A154FF00467859 /* GoogleService-Info.plist */; };
		56F0CE2926A15E1500467859 /* DataDownloadViewController.swift in Sources */ = {isa = PBXBuildFile; fileRef = 56F0CE2826A15E1500467859 /* DataDownloadViewController.swift */; };
/* End PBXBuildFile section */

/* Begin PBXFileReference section */
		1D7E68B229E83DB032524148 /* Pods-gmoneymap.release.xcconfig */ = {isa = PBXFileReference; includeInIndex = 1; lastKnownFileType = text.xcconfig; name = "Pods-gmoneymap.release.xcconfig"; path = "Target Support Files/Pods-gmoneymap/Pods-gmoneymap.release.xcconfig"; sourceTree = "<group>"; };
		2E0251E4267CDFCF00396486 /* UIColorExt.swift */ = {isa = PBXFileReference; lastKnownFileType = sourcecode.swift; path = UIColorExt.swift; sourceTree = "<group>"; };
		2E1D7759267F270F00ED58F2 /* GMapService.swift */ = {isa = PBXFileReference; lastKnownFileType = sourcecode.swift; path = GMapService.swift; sourceTree = "<group>"; };
		2E1D775B267F27DF00ED58F2 /* GMapService+TargetType.swift */ = {isa = PBXFileReference; lastKnownFileType = sourcecode.swift; path = "GMapService+TargetType.swift"; sourceTree = "<group>"; };
		2E204A5026710961002C03C1 /* Screen.swift */ = {isa = PBXFileReference; lastKnownFileType = sourcecode.swift; path = Screen.swift; sourceTree = "<group>"; };
		2E26B1FD269AED3A0099B754 /* DetailDialogViewController.swift */ = {isa = PBXFileReference; lastKnownFileType = sourcecode.swift; path = DetailDialogViewController.swift; sourceTree = "<group>"; };
		2E34A1022674A8F4002F31BF /* TabBarCell.swift */ = {isa = PBXFileReference; lastKnownFileType = sourcecode.swift; path = TabBarCell.swift; sourceTree = "<group>"; };
		2E34A1032674A8F4002F31BF /* TabBarCell.xib */ = {isa = PBXFileReference; lastKnownFileType = file.xib; path = TabBarCell.xib; sourceTree = "<group>"; };
		2E34A1062674B90B002F31BF /* UICollectionViewExt.swift */ = {isa = PBXFileReference; lastKnownFileType = sourcecode.swift; path = UICollectionViewExt.swift; sourceTree = "<group>"; };
		2E3E29DC26CEA5A600DA4A2E /* ResultViewController+Search.swift */ = {isa = PBXFileReference; lastKnownFileType = sourcecode.swift; path = "ResultViewController+Search.swift"; sourceTree = "<group>"; };
		2E46576726872A010078727B /* GMapManager.swift */ = {isa = PBXFileReference; lastKnownFileType = sourcecode.swift; path = GMapManager.swift; sourceTree = "<group>"; };
		2E466670267F48DE00A57B8B /* SearchViewModel.swift */ = {isa = PBXFileReference; lastKnownFileType = sourcecode.swift; path = SearchViewModel.swift; sourceTree = "<group>"; };
		2E466672267F494500A57B8B /* VerbosePlugin.swift */ = {isa = PBXFileReference; lastKnownFileType = sourcecode.swift; path = VerbosePlugin.swift; sourceTree = "<group>"; };
		2E466675267F58E600A57B8B /* SearchModel.swift */ = {isa = PBXFileReference; lastKnownFileType = sourcecode.swift; path = SearchModel.swift; sourceTree = "<group>"; };
		2E68E62B266F9BA600172E6F /* Keyboard.swift */ = {isa = PBXFileReference; lastKnownFileType = sourcecode.swift; path = Keyboard.swift; sourceTree = "<group>"; };
		2E75121626D96C8800828316 /* hanullim.ttf */ = {isa = PBXFileReference; lastKnownFileType = file; path = hanullim.ttf; sourceTree = "<group>"; };
		2E76B5F4267A46BB00E033EB /* MenuTableViewCell.swift */ = {isa = PBXFileReference; lastKnownFileType = sourcecode.swift; path = MenuTableViewCell.swift; sourceTree = "<group>"; };
		2E76B5F5267A46BB00E033EB /* MenuTableViewCell.xib */ = {isa = PBXFileReference; lastKnownFileType = file.xib; path = MenuTableViewCell.xib; sourceTree = "<group>"; };
		2E7D950826DA73B7002F4E21 /* AppFont.swift */ = {isa = PBXFileReference; lastKnownFileType = sourcecode.swift; path = AppFont.swift; sourceTree = "<group>"; };
		2E81436526A7ECFE007DD828 /* ResultViewController.swift */ = {isa = PBXFileReference; lastKnownFileType = sourcecode.swift; path = ResultViewController.swift; sourceTree = "<group>"; };
		2E8453922694EAE60097D868 /* BottomPickerViewTextField.swift */ = {isa = PBXFileReference; lastKnownFileType = sourcecode.swift; path = BottomPickerViewTextField.swift; sourceTree = "<group>"; };
		2E9889D8268757AD00CC433F /* BaseViewController.swift */ = {isa = PBXFileReference; lastKnownFileType = sourcecode.swift; path = BaseViewController.swift; sourceTree = "<group>"; };
		2E9D5B56267A400A0071589C /* BottomSheetViewController+UICollectionView.swift */ = {isa = PBXFileReference; lastKnownFileType = sourcecode.swift; path = "BottomSheetViewController+UICollectionView.swift"; sourceTree = "<group>"; };
		2E9D5B58267A403B0071589C /* BottomSheetViewController+UIScrollView.swift */ = {isa = PBXFileReference; lastKnownFileType = sourcecode.swift; path = "BottomSheetViewController+UIScrollView.swift"; sourceTree = "<group>"; };
		2E9D5B5A267A41020071589C /* SearchView.xib */ = {isa = PBXFileReference; lastKnownFileType = file.xib; path = SearchView.xib; sourceTree = "<group>"; };
		2E9D5B5B267A41020071589C /* SearchView.swift */ = {isa = PBXFileReference; lastKnownFileType = sourcecode.swift; path = SearchView.swift; sourceTree = "<group>"; };
		2E9D5B5D267A41050071589C /* MenuView.swift */ = {isa = PBXFileReference; lastKnownFileType = sourcecode.swift; path = MenuView.swift; sourceTree = "<group>"; };
		2E9D5B5E267A41050071589C /* MenuView.xib */ = {isa = PBXFileReference; lastKnownFileType = file.xib; path = MenuView.xib; sourceTree = "<group>"; };
		2E9D79BA2667171D00D8625A /* OpenGLES.framework */ = {isa = PBXFileReference; lastKnownFileType = wrapper.framework; name = OpenGLES.framework; path = System/Library/Frameworks/OpenGLES.framework; sourceTree = SDKROOT; };
		2E9D79BC2667172F00D8625A /* SystemConfiguration.framework */ = {isa = PBXFileReference; lastKnownFileType = wrapper.framework; name = SystemConfiguration.framework; path = System/Library/Frameworks/SystemConfiguration.framework; sourceTree = SDKROOT; };
		2E9D79BE2667173600D8625A /* CoreLocation.framework */ = {isa = PBXFileReference; lastKnownFileType = wrapper.framework; name = CoreLocation.framework; path = System/Library/Frameworks/CoreLocation.framework; sourceTree = SDKROOT; };
		2E9D79C02667173E00D8625A /* QuartzCore.framework */ = {isa = PBXFileReference; lastKnownFileType = wrapper.framework; name = QuartzCore.framework; path = System/Library/Frameworks/QuartzCore.framework; sourceTree = SDKROOT; };
		2E9D79C22667174800D8625A /* libc++.tbd */ = {isa = PBXFileReference; lastKnownFileType = "sourcecode.text-based-dylib-definition"; name = "libc++.tbd"; path = "usr/lib/libc++.tbd"; sourceTree = SDKROOT; };
		2E9D79C32667175000D8625A /* libxml2.tbd */ = {isa = PBXFileReference; lastKnownFileType = "sourcecode.text-based-dylib-definition"; name = libxml2.tbd; path = usr/lib/libxml2.tbd; sourceTree = SDKROOT; };
		2E9D79C42667175700D8625A /* libsqlite3.tbd */ = {isa = PBXFileReference; lastKnownFileType = "sourcecode.text-based-dylib-definition"; name = libsqlite3.tbd; path = usr/lib/libsqlite3.tbd; sourceTree = SDKROOT; };
		2E9D79C72667180300D8625A /* Bridging-Header.h */ = {isa = PBXFileReference; lastKnownFileType = sourcecode.c.h; path = "Bridging-Header.h"; sourceTree = "<group>"; };
		2E9D79CD2667196000D8625A /* map_pinup_custom@3x.png */ = {isa = PBXFileReference; lastKnownFileType = image.png; path = "map_pinup_custom@3x.png"; sourceTree = "<group>"; };
		2E9D79CE2667196000D8625A /* map_pin_custom.png */ = {isa = PBXFileReference; lastKnownFileType = image.png; path = map_pin_custom.png; sourceTree = "<group>"; };
		2E9D79CF2667196000D8625A /* shadow_balloon.png */ = {isa = PBXFileReference; lastKnownFileType = image.png; path = shadow_balloon.png; sourceTree = "<group>"; };
		2E9D79D02667196000D8625A /* map_pinup.png */ = {isa = PBXFileReference; lastKnownFileType = image.png; path = map_pinup.png; sourceTree = "<group>"; };
		2E9D79D12667196000D8625A /* detail_button.png */ = {isa = PBXFileReference; lastKnownFileType = image.png; path = detail_button.png; sourceTree = "<group>"; };
		2E9D79D22667196000D8625A /* map_pin_custom@3x.png */ = {isa = PBXFileReference; lastKnownFileType = image.png; path = "map_pin_custom@3x.png"; sourceTree = "<group>"; };
		2E9D79D32667196000D8625A /* map_pinup@3x.png */ = {isa = PBXFileReference; lastKnownFileType = image.png; path = "map_pinup@3x.png"; sourceTree = "<group>"; };
		2E9D79D42667196000D8625A /* map_pin_shadow@3x.png */ = {isa = PBXFileReference; lastKnownFileType = image.png; path = "map_pin_shadow@3x.png"; sourceTree = "<group>"; };
		2E9D79D52667196000D8625A /* copyright.png */ = {isa = PBXFileReference; lastKnownFileType = image.png; path = copyright.png; sourceTree = "<group>"; };
		2E9D79D62667196000D8625A /* th_line.png */ = {isa = PBXFileReference; lastKnownFileType = image.png; path = th_line.png; sourceTree = "<group>"; };
		2E9D79D72667196000D8625A /* map_pin_red@3x.png */ = {isa = PBXFileReference; lastKnownFileType = image.png; path = "map_pin_red@3x.png"; sourceTree = "<group>"; };
		2E9D79D82667196000D8625A /* daum_copyright.png */ = {isa = PBXFileReference; lastKnownFileType = image.png; path = daum_copyright.png; sourceTree = "<group>"; };
		2E9D79D92667196000D8625A /* map_pin@3x.png */ = {isa = PBXFileReference; lastKnownFileType = image.png; path = "map_pin@3x.png"; sourceTree = "<group>"; };
		2E9D79DA2667196000D8625A /* map_present_tracking.png */ = {isa = PBXFileReference; lastKnownFileType = image.png; path = map_present_tracking.png; sourceTree = "<group>"; };
		2E9D79DB2667196000D8625A /* map_pin_red.png */ = {isa = PBXFileReference; lastKnownFileType = image.png; path = map_pin_red.png; sourceTree = "<group>"; };
		2E9D79DD2667196000D8625A /* MTMapPOIItem.h */ = {isa = PBXFileReference; fileEncoding = 4; lastKnownFileType = sourcecode.c.h; path = MTMapPOIItem.h; sourceTree = "<group>"; };
		2E9D79DE2667196000D8625A /* MTMapCameraUpdate.h */ = {isa = PBXFileReference; fileEncoding = 4; lastKnownFileType = sourcecode.c.h; path = MTMapCameraUpdate.h; sourceTree = "<group>"; };
		2E9D79DF2667196000D8625A /* MTMapReverseGeoCoder.h */ = {isa = PBXFileReference; fileEncoding = 4; lastKnownFileType = sourcecode.c.h; path = MTMapReverseGeoCoder.h; sourceTree = "<group>"; };
		2E9D79E02667196000D8625A /* MTMapPolyline.h */ = {isa = PBXFileReference; fileEncoding = 4; lastKnownFileType = sourcecode.c.h; path = MTMapPolyline.h; sourceTree = "<group>"; };
		2E9D79E12667196000D8625A /* MTMapLocationMarkerItem.h */ = {isa = PBXFileReference; fileEncoding = 4; lastKnownFileType = sourcecode.c.h; path = MTMapLocationMarkerItem.h; sourceTree = "<group>"; };
		2E9D79E22667196000D8625A /* MTMapView.h */ = {isa = PBXFileReference; fileEncoding = 4; lastKnownFileType = sourcecode.c.h; path = MTMapView.h; sourceTree = "<group>"; };
		2E9D79E32667196000D8625A /* MTMapGeometry.h */ = {isa = PBXFileReference; fileEncoding = 4; lastKnownFileType = sourcecode.c.h; path = MTMapGeometry.h; sourceTree = "<group>"; };
		2E9D79E42667196000D8625A /* MTMapCircle.h */ = {isa = PBXFileReference; fileEncoding = 4; lastKnownFileType = sourcecode.c.h; path = MTMapCircle.h; sourceTree = "<group>"; };
		2E9D79E52667196000D8625A /* info_box.png */ = {isa = PBXFileReference; lastKnownFileType = image.png; path = info_box.png; sourceTree = "<group>"; };
		2E9D79E62667196000D8625A /* point_sprite.png */ = {isa = PBXFileReference; lastKnownFileType = image.png; path = point_sprite.png; sourceTree = "<group>"; };
		2E9D79E72667196000D8625A /* map_pinup_custom.png */ = {isa = PBXFileReference; lastKnownFileType = image.png; path = map_pinup_custom.png; sourceTree = "<group>"; };
		2E9D79E82667196000D8625A /* info_box_tail.png */ = {isa = PBXFileReference; lastKnownFileType = image.png; path = info_box_tail.png; sourceTree = "<group>"; };
		2E9D79E92667196000D8625A /* noimage256.png */ = {isa = PBXFileReference; lastKnownFileType = image.png; path = noimage256.png; sourceTree = "<group>"; };
		2E9D79EA2667196000D8625A /* map_present_direction.png */ = {isa = PBXFileReference; lastKnownFileType = image.png; path = map_present_direction.png; sourceTree = "<group>"; };
		2E9D79EB2667196000D8625A /* map_pin.png */ = {isa = PBXFileReference; lastKnownFileType = image.png; path = map_pin.png; sourceTree = "<group>"; };
		2E9D79EC2667196000D8625A /* map_present.png */ = {isa = PBXFileReference; lastKnownFileType = image.png; path = map_present.png; sourceTree = "<group>"; };
		2E9D79ED2667196000D8625A /* noimage.png */ = {isa = PBXFileReference; lastKnownFileType = image.png; path = noimage.png; sourceTree = "<group>"; };
		2E9D79EE2667196000D8625A /* map_present_background_update.png */ = {isa = PBXFileReference; lastKnownFileType = image.png; path = map_present_background_update.png; sourceTree = "<group>"; };
		2E9D79EF2667196000D8625A /* daum_th_line.png */ = {isa = PBXFileReference; lastKnownFileType = image.png; path = daum_th_line.png; sourceTree = "<group>"; };
		2E9D79F02667196000D8625A /* map_pin_shadow.png */ = {isa = PBXFileReference; lastKnownFileType = image.png; path = map_pin_shadow.png; sourceTree = "<group>"; };
		2E9D79F12667196000D8625A /* DaumMap.framework */ = {isa = PBXFileReference; lastKnownFileType = wrapper.framework; path = DaumMap.framework; sourceTree = "<group>"; };
		2E9D7A1026671BB800D8625A /* UITableViewExt.swift */ = {isa = PBXFileReference; fileEncoding = 4; lastKnownFileType = sourcecode.swift; path = UITableViewExt.swift; sourceTree = "<group>"; };
		2E9D7A1126671BB800D8625A /* NSObjectExt.swift */ = {isa = PBXFileReference; fileEncoding = 4; lastKnownFileType = sourcecode.swift; path = NSObjectExt.swift; sourceTree = "<group>"; };
		2E9D7A1226671BB800D8625A /* DynamicSizeExt.swift */ = {isa = PBXFileReference; fileEncoding = 4; lastKnownFileType = sourcecode.swift; path = DynamicSizeExt.swift; sourceTree = "<group>"; };
		2E9D7A1526671BB800D8625A /* DynamicSize.swift */ = {isa = PBXFileReference; fileEncoding = 4; lastKnownFileType = sourcecode.swift; path = DynamicSize.swift; sourceTree = "<group>"; };
		2E9D7A1B26671C4500D8625A /* CustomKit.swift */ = {isa = PBXFileReference; lastKnownFileType = sourcecode.swift; path = CustomKit.swift; sourceTree = "<group>"; };
		2E9D7A1F266741BE00D8625A /* UIViewExt.swift */ = {isa = PBXFileReference; lastKnownFileType = sourcecode.swift; path = UIViewExt.swift; sourceTree = "<group>"; };
		2EA338902676683E00D8E9FA /* DownloadView.swift */ = {isa = PBXFileReference; lastKnownFileType = sourcecode.swift; path = DownloadView.swift; sourceTree = "<group>"; };
		2EA338922676684D00D8E9FA /* DownloadView.xib */ = {isa = PBXFileReference; lastKnownFileType = file.xib; path = DownloadView.xib; sourceTree = "<group>"; };
		2EBC1C1B26A7E91A0009FF2B /* ResultListCell.swift */ = {isa = PBXFileReference; lastKnownFileType = sourcecode.swift; path = ResultListCell.swift; sourceTree = "<group>"; };
		2EBC1C1C26A7E91A0009FF2B /* ResultListCell.xib */ = {isa = PBXFileReference; lastKnownFileType = file.xib; path = ResultListCell.xib; sourceTree = "<group>"; };
		2EC11DD726652A2B007C85F2 /* gmoneymap.app */ = {isa = PBXFileReference; explicitFileType = wrapper.application; includeInIndex = 0; path = gmoneymap.app; sourceTree = BUILT_PRODUCTS_DIR; };
		2EC11DDA26652A2B007C85F2 /* AppDelegate.swift */ = {isa = PBXFileReference; lastKnownFileType = sourcecode.swift; path = AppDelegate.swift; sourceTree = "<group>"; };
		2EC11DE126652A2B007C85F2 /* Base */ = {isa = PBXFileReference; lastKnownFileType = file.storyboard; name = Base; path = Base.lproj/Main.storyboard; sourceTree = "<group>"; };
		2EC11DE326652A2C007C85F2 /* Assets.xcassets */ = {isa = PBXFileReference; lastKnownFileType = folder.assetcatalog; path = Assets.xcassets; sourceTree = "<group>"; };
		2EC11DE626652A2C007C85F2 /* Base */ = {isa = PBXFileReference; lastKnownFileType = file.storyboard; name = Base; path = Base.lproj/LaunchScreen.storyboard; sourceTree = "<group>"; };
		2EC11DE826652A2C007C85F2 /* Info.plist */ = {isa = PBXFileReference; lastKnownFileType = text.plist.xml; path = Info.plist; sourceTree = "<group>"; };
		2EC38FDA266CD6F0008D2CE4 /* MapViewController.swift */ = {isa = PBXFileReference; lastKnownFileType = sourcecode.swift; path = MapViewController.swift; sourceTree = "<group>"; };
		2EC38FE1266E6CCC008D2CE4 /* GMapDefine.swift */ = {isa = PBXFileReference; lastKnownFileType = sourcecode.swift; path = GMapDefine.swift; sourceTree = "<group>"; };
		2ED2703A269B4D2E00ED749D /* OverlapDialogViewController.swift */ = {isa = PBXFileReference; lastKnownFileType = sourcecode.swift; path = OverlapDialogViewController.swift; sourceTree = "<group>"; };
		2ED2703C269B4D5400ED749D /* BasePopupViewController.swift */ = {isa = PBXFileReference; lastKnownFileType = sourcecode.swift; path = BasePopupViewController.swift; sourceTree = "<group>"; };
		2ED976CF26677CCE009CCCC1 /* BaseViewWithXIB.swift */ = {isa = PBXFileReference; lastKnownFileType = sourcecode.swift; path = BaseViewWithXIB.swift; sourceTree = "<group>"; };
		2ED976D126678601009CCCC1 /* CategoryViewCell.swift */ = {isa = PBXFileReference; lastKnownFileType = sourcecode.swift; path = CategoryViewCell.swift; sourceTree = "<group>"; };
		2ED976D226678601009CCCC1 /* CategoryViewCell.xib */ = {isa = PBXFileReference; lastKnownFileType = file.xib; path = CategoryViewCell.xib; sourceTree = "<group>"; };
		2EE040E5267E14FE005D917D /* MapViewController+MTMapView.swift */ = {isa = PBXFileReference; lastKnownFileType = sourcecode.swift; path = "MapViewController+MTMapView.swift"; sourceTree = "<group>"; };
		2EE040E7267E1AE8005D917D /* MapViewController+CLLocationManager.swift */ = {isa = PBXFileReference; lastKnownFileType = sourcecode.swift; path = "MapViewController+CLLocationManager.swift"; sourceTree = "<group>"; };
		2EE040E9267E1D37005D917D /* TestLocation.gpx */ = {isa = PBXFileReference; lastKnownFileType = text.xml; path = TestLocation.gpx; sourceTree = "<group>"; };
		2EF7A14E26675FE800732BC3 /* CategoryScrollView.swift */ = {isa = PBXFileReference; lastKnownFileType = sourcecode.swift; path = CategoryScrollView.swift; sourceTree = "<group>"; };
		2EF7A14F26675FE800732BC3 /* CategoryScrollView.xib */ = {isa = PBXFileReference; lastKnownFileType = file.xib; path = CategoryScrollView.xib; sourceTree = "<group>"; };
		2EFE23AB26745CB000AFF2D1 /* BottomSheetContainerViewController.swift */ = {isa = PBXFileReference; fileEncoding = 4; lastKnownFileType = sourcecode.swift; path = BottomSheetContainerViewController.swift; sourceTree = "<group>"; };
		2EFE23AD267470D300AFF2D1 /* BottomSheetViewController.swift */ = {isa = PBXFileReference; lastKnownFileType = sourcecode.swift; path = BottomSheetViewController.swift; sourceTree = "<group>"; };
		2EFE23AF267470EC00AFF2D1 /* ContainerViewController.swift */ = {isa = PBXFileReference; lastKnownFileType = sourcecode.swift; path = ContainerViewController.swift; sourceTree = "<group>"; };
		2EFE23B1267474E800AFF2D1 /* UIViewControllerExt.swift */ = {isa = PBXFileReference; lastKnownFileType = sourcecode.swift; path = UIViewControllerExt.swift; sourceTree = "<group>"; };
		47B7F19941F55A771B633267 /* Pods_gmoneymap.framework */ = {isa = PBXFileReference; explicitFileType = wrapper.framework; includeInIndex = 0; path = Pods_gmoneymap.framework; sourceTree = BUILT_PRODUCTS_DIR; };
		4D547EF6617ADDFBCD207879 /* Pods-gmoneymap.debug.xcconfig */ = {isa = PBXFileReference; includeInIndex = 1; lastKnownFileType = text.xcconfig; name = "Pods-gmoneymap.debug.xcconfig"; path = "Target Support Files/Pods-gmoneymap/Pods-gmoneymap.debug.xcconfig"; sourceTree = "<group>"; };
		563196B8269D7195000640E5 /* AppInfoPopupViewController.swift */ = {isa = PBXFileReference; lastKnownFileType = sourcecode.swift; path = AppInfoPopupViewController.swift; sourceTree = "<group>"; };
		563196BB269D7888000640E5 /* Popup.storyboard */ = {isa = PBXFileReference; lastKnownFileType = file.storyboard; path = Popup.storyboard; sourceTree = "<group>"; };
		564CC033269EC28100DD0968 /* NoticeListViewController.swift */ = {isa = PBXFileReference; lastKnownFileType = sourcecode.swift; path = NoticeListViewController.swift; sourceTree = "<group>"; };
		564CC035269EC52E00DD0968 /* NoticeListCell.swift */ = {isa = PBXFileReference; lastKnownFileType = sourcecode.swift; path = NoticeListCell.swift; sourceTree = "<group>"; };
		564CC036269EC52E00DD0968 /* NoticeListCell.xib */ = {isa = PBXFileReference; lastKnownFileType = file.xib; path = NoticeListCell.xib; sourceTree = "<group>"; };
		56F0CE2626A154FF00467859 /* GoogleService-Info.plist */ = {isa = PBXFileReference; fileEncoding = 4; lastKnownFileType = text.plist.xml; path = "GoogleService-Info.plist"; sourceTree = "<group>"; };
		56F0CE2826A15E1500467859 /* DataDownloadViewController.swift */ = {isa = PBXFileReference; lastKnownFileType = sourcecode.swift; path = DataDownloadViewController.swift; sourceTree = "<group>"; };
/* End PBXFileReference section */

/* Begin PBXFrameworksBuildPhase section */
		2EC11DD426652A2B007C85F2 /* Frameworks */ = {
			isa = PBXFrameworksBuildPhase;
			buildActionMask = 2147483647;
			files = (
				2E9D79CA2667190F00D8625A /* libsqlite3.tbd in Frameworks */,
				2E9D79C92667190700D8625A /* libxml2.tbd in Frameworks */,
				2E9D7A0D2667196000D8625A /* DaumMap.framework in Frameworks */,
				2E9D79C82667190000D8625A /* libc++.tbd in Frameworks */,
				2E9D79C12667173E00D8625A /* QuartzCore.framework in Frameworks */,
				2E9D79BF2667173600D8625A /* CoreLocation.framework in Frameworks */,
				2E9D79BD2667172F00D8625A /* SystemConfiguration.framework in Frameworks */,
				2E9D79BB2667171D00D8625A /* OpenGLES.framework in Frameworks */,
				0E96674ED66961AE7D6E29D3 /* Pods_gmoneymap.framework in Frameworks */,
			);
			runOnlyForDeploymentPostprocessing = 0;
		};
/* End PBXFrameworksBuildPhase section */

/* Begin PBXGroup section */
		07315E1580F42C98A6673BE2 /* Pods */ = {
			isa = PBXGroup;
			children = (
				4D547EF6617ADDFBCD207879 /* Pods-gmoneymap.debug.xcconfig */,
				1D7E68B229E83DB032524148 /* Pods-gmoneymap.release.xcconfig */,
			);
			path = Pods;
			sourceTree = "<group>";
		};
		2E0251E6267CE63A00396486 /* Extensions */ = {
			isa = PBXGroup;
			children = (
				2E9D7A1026671BB800D8625A /* UITableViewExt.swift */,
				2E34A1062674B90B002F31BF /* UICollectionViewExt.swift */,
				2E9D7A1F266741BE00D8625A /* UIViewExt.swift */,
				2EFE23B1267474E800AFF2D1 /* UIViewControllerExt.swift */,
				2E0251E4267CDFCF00396486 /* UIColorExt.swift */,
				2E9D7A1126671BB800D8625A /* NSObjectExt.swift */,
			);
			path = Extensions;
			sourceTree = "<group>";
		};
		2E1D7757267F26EE00ED58F2 /* Common */ = {
			isa = PBXGroup;
			children = (
				2E1D7758267F270200ED58F2 /* HTTP */,
				2ED976CE26677CB5009CCCC1 /* Base */,
				2E9D7A0F26671BB800D8625A /* Util */,
				2E46576726872A010078727B /* GMapManager.swift */,
				2EC38FE1266E6CCC008D2CE4 /* GMapDefine.swift */,
			);
			path = Common;
			sourceTree = "<group>";
		};
		2E1D7758267F270200ED58F2 /* HTTP */ = {
			isa = PBXGroup;
			children = (
				2E1D7759267F270F00ED58F2 /* GMapService.swift */,
				2E1D775B267F27DF00ED58F2 /* GMapService+TargetType.swift */,
				2E466672267F494500A57B8B /* VerbosePlugin.swift */,
			);
			path = HTTP;
			sourceTree = "<group>";
		};
		2E46666F267F48A600A57B8B /* ViewModel */ = {
			isa = PBXGroup;
			children = (
				2E466670267F48DE00A57B8B /* SearchViewModel.swift */,
			);
			path = ViewModel;
			sourceTree = "<group>";
		};
		2E466674267F58DA00A57B8B /* Model */ = {
			isa = PBXGroup;
			children = (
				2E466675267F58E600A57B8B /* SearchModel.swift */,
			);
			path = Model;
			sourceTree = "<group>";
		};
		2E9D79B92667171D00D8625A /* Frameworks */ = {
			isa = PBXGroup;
			children = (
				2E9D79CB2667196000D8625A /* DaumMap.embeddedframework */,
				2E9D79C42667175700D8625A /* libsqlite3.tbd */,
				2E9D79C32667175000D8625A /* libxml2.tbd */,
				2E9D79C22667174800D8625A /* libc++.tbd */,
				2E9D79C02667173E00D8625A /* QuartzCore.framework */,
				2E9D79BE2667173600D8625A /* CoreLocation.framework */,
				2E9D79BC2667172F00D8625A /* SystemConfiguration.framework */,
				2E9D79BA2667171D00D8625A /* OpenGLES.framework */,
				47B7F19941F55A771B633267 /* Pods_gmoneymap.framework */,
			);
			name = Frameworks;
			sourceTree = "<group>";
		};
		2E9D79CB2667196000D8625A /* DaumMap.embeddedframework */ = {
			isa = PBXGroup;
			children = (
				2E9D79CC2667196000D8625A /* Resources */,
				2E9D79F12667196000D8625A /* DaumMap.framework */,
			);
			path = DaumMap.embeddedframework;
			sourceTree = "<group>";
		};
		2E9D79CC2667196000D8625A /* Resources */ = {
			isa = PBXGroup;
			children = (
				2E9D79CD2667196000D8625A /* map_pinup_custom@3x.png */,
				2E9D79CE2667196000D8625A /* map_pin_custom.png */,
				2E9D79CF2667196000D8625A /* shadow_balloon.png */,
				2E9D79D02667196000D8625A /* map_pinup.png */,
				2E9D79D12667196000D8625A /* detail_button.png */,
				2E9D79D22667196000D8625A /* map_pin_custom@3x.png */,
				2E9D79D32667196000D8625A /* map_pinup@3x.png */,
				2E9D79D42667196000D8625A /* map_pin_shadow@3x.png */,
				2E9D79D52667196000D8625A /* copyright.png */,
				2E9D79D62667196000D8625A /* th_line.png */,
				2E9D79D72667196000D8625A /* map_pin_red@3x.png */,
				2E9D79D82667196000D8625A /* daum_copyright.png */,
				2E9D79D92667196000D8625A /* map_pin@3x.png */,
				2E9D79DA2667196000D8625A /* map_present_tracking.png */,
				2E9D79DB2667196000D8625A /* map_pin_red.png */,
				2E9D79DC2667196000D8625A /* Headers */,
				2E9D79E52667196000D8625A /* info_box.png */,
				2E9D79E62667196000D8625A /* point_sprite.png */,
				2E9D79E72667196000D8625A /* map_pinup_custom.png */,
				2E9D79E82667196000D8625A /* info_box_tail.png */,
				2E9D79E92667196000D8625A /* noimage256.png */,
				2E9D79EA2667196000D8625A /* map_present_direction.png */,
				2E9D79EB2667196000D8625A /* map_pin.png */,
				2E9D79EC2667196000D8625A /* map_present.png */,
				2E9D79ED2667196000D8625A /* noimage.png */,
				2E9D79EE2667196000D8625A /* map_present_background_update.png */,
				2E9D79EF2667196000D8625A /* daum_th_line.png */,
				2E9D79F02667196000D8625A /* map_pin_shadow.png */,
			);
			path = Resources;
			sourceTree = "<group>";
		};
		2E9D79DC2667196000D8625A /* Headers */ = {
			isa = PBXGroup;
			children = (
				2E9D79DD2667196000D8625A /* MTMapPOIItem.h */,
				2E9D79DE2667196000D8625A /* MTMapCameraUpdate.h */,
				2E9D79DF2667196000D8625A /* MTMapReverseGeoCoder.h */,
				2E9D79E02667196000D8625A /* MTMapPolyline.h */,
				2E9D79E12667196000D8625A /* MTMapLocationMarkerItem.h */,
				2E9D79E22667196000D8625A /* MTMapView.h */,
				2E9D79E32667196000D8625A /* MTMapGeometry.h */,
				2E9D79E42667196000D8625A /* MTMapCircle.h */,
			);
			path = Headers;
			sourceTree = "<group>";
		};
		2E9D7A0F26671BB800D8625A /* Util */ = {
			isa = PBXGroup;
			children = (
				2E0251E6267CE63A00396486 /* Extensions */,
				2E9D7A1226671BB800D8625A /* DynamicSizeExt.swift */,
				2E9D7A1526671BB800D8625A /* DynamicSize.swift */,
				2E9D7A1B26671C4500D8625A /* CustomKit.swift */,
				2E68E62B266F9BA600172E6F /* Keyboard.swift */,
				2E204A5026710961002C03C1 /* Screen.swift */,
				2E8453922694EAE60097D868 /* BottomPickerViewTextField.swift */,
				2E7D950826DA73B7002F4E21 /* AppFont.swift */,
			);
			path = Util;
			sourceTree = "<group>";
		};
		2EA338932676685D00D8E9FA /* Menu */ = {
			isa = PBXGroup;
			children = (
				2E9D5B5D267A41050071589C /* MenuView.swift */,
				2E9D5B5E267A41050071589C /* MenuView.xib */,
				2E9D5B5B267A41020071589C /* SearchView.swift */,
				2E9D5B5A267A41020071589C /* SearchView.xib */,
				2EA338902676683E00D8E9FA /* DownloadView.swift */,
				2EA338922676684D00D8E9FA /* DownloadView.xib */,
				2E76B5F4267A46BB00E033EB /* MenuTableViewCell.swift */,
				2E76B5F5267A46BB00E033EB /* MenuTableViewCell.xib */,
			);
			name = Menu;
			sourceTree = "<group>";
		};
		2EC11DCE26652A2B007C85F2 = {
			isa = PBXGroup;
			children = (
				2EC11DD926652A2B007C85F2 /* gmoneymap */,
				2EC11DD826652A2B007C85F2 /* Products */,
				2E9D79B92667171D00D8625A /* Frameworks */,
				07315E1580F42C98A6673BE2 /* Pods */,
			);
			sourceTree = "<group>";
		};
		2EC11DD826652A2B007C85F2 /* Products */ = {
			isa = PBXGroup;
			children = (
				2EC11DD726652A2B007C85F2 /* gmoneymap.app */,
			);
			name = Products;
			sourceTree = "<group>";
		};
		2EC11DD926652A2B007C85F2 /* gmoneymap */ = {
			isa = PBXGroup;
			children = (
				563196BA269D785C000640E5 /* Storyboard */,
				2E466674267F58DA00A57B8B /* Model */,
				2E46666F267F48A600A57B8B /* ViewModel */,
				2EC59883266692F8001C969D /* ViewController */,
				2EF7A14D26675FA800732BC3 /* View */,
				2E1D7757267F26EE00ED58F2 /* Common */,
				2EC11DDA26652A2B007C85F2 /* AppDelegate.swift */,
				2EC11DE326652A2C007C85F2 /* Assets.xcassets */,
				2EC11DE526652A2C007C85F2 /* LaunchScreen.storyboard */,
				2EC11DE826652A2C007C85F2 /* Info.plist */,
				56F0CE2626A154FF00467859 /* GoogleService-Info.plist */,
				2E9D79C72667180300D8625A /* Bridging-Header.h */,
				2EFE23AA26745C8F00AFF2D1 /* Library */,
				2EE040E9267E1D37005D917D /* TestLocation.gpx */,
			);
			path = gmoneymap;
			sourceTree = "<group>";
		};
		2EC59883266692F8001C969D /* ViewController */ = {
			isa = PBXGroup;
			children = (
				563196B7269D7168000640E5 /* Popup */,
				2EFE23AF267470EC00AFF2D1 /* ContainerViewController.swift */,
				2EC38FDA266CD6F0008D2CE4 /* MapViewController.swift */,
				2EE040E5267E14FE005D917D /* MapViewController+MTMapView.swift */,
				2EE040E7267E1AE8005D917D /* MapViewController+CLLocationManager.swift */,
				2EFE23AD267470D300AFF2D1 /* BottomSheetViewController.swift */,
				2E9D5B56267A400A0071589C /* BottomSheetViewController+UICollectionView.swift */,
				2E9D5B58267A403B0071589C /* BottomSheetViewController+UIScrollView.swift */,
				564CC033269EC28100DD0968 /* NoticeListViewController.swift */,
				56F0CE2826A15E1500467859 /* DataDownloadViewController.swift */,
				2E3E29DC26CEA5A600DA4A2E /* ResultViewController+Search.swift */,
				2E81436526A7ECFE007DD828 /* ResultViewController.swift */,
			);
			path = ViewController;
			sourceTree = "<group>";
		};
		2ED976CE26677CB5009CCCC1 /* Base */ = {
			isa = PBXGroup;
			children = (
				2E75121626D96C8800828316 /* hanullim.ttf */,
				2ED976CF26677CCE009CCCC1 /* BaseViewWithXIB.swift */,
				2E9889D8268757AD00CC433F /* BaseViewController.swift */,
				2ED2703C269B4D5400ED749D /* BasePopupViewController.swift */,
			);
			path = Base;
			sourceTree = "<group>";
		};
		2EF7A14D26675FA800732BC3 /* View */ = {
			isa = PBXGroup;
			children = (
				2EA338932676685D00D8E9FA /* Menu */,
				2EF7A14E26675FE800732BC3 /* CategoryScrollView.swift */,
				2EF7A14F26675FE800732BC3 /* CategoryScrollView.xib */,
				2ED976D126678601009CCCC1 /* CategoryViewCell.swift */,
				2ED976D226678601009CCCC1 /* CategoryViewCell.xib */,
				2E34A1022674A8F4002F31BF /* TabBarCell.swift */,
				2E34A1032674A8F4002F31BF /* TabBarCell.xib */,
				564CC035269EC52E00DD0968 /* NoticeListCell.swift */,
				564CC036269EC52E00DD0968 /* NoticeListCell.xib */,
				2EBC1C1B26A7E91A0009FF2B /* ResultListCell.swift */,
				2EBC1C1C26A7E91A0009FF2B /* ResultListCell.xib */,
			);
			path = View;
			sourceTree = "<group>";
		};
		2EFE23AA26745C8F00AFF2D1 /* Library */ = {
			isa = PBXGroup;
			children = (
				2EFE23AB26745CB000AFF2D1 /* BottomSheetContainerViewController.swift */,
			);
			path = Library;
			sourceTree = "<group>";
		};
		563196B7269D7168000640E5 /* Popup */ = {
			isa = PBXGroup;
			children = (
				2E26B1FD269AED3A0099B754 /* DetailDialogViewController.swift */,
				2ED2703A269B4D2E00ED749D /* OverlapDialogViewController.swift */,
				563196B8269D7195000640E5 /* AppInfoPopupViewController.swift */,
			);
			name = Popup;
			sourceTree = "<group>";
		};
		563196BA269D785C000640E5 /* Storyboard */ = {
			isa = PBXGroup;
			children = (
				2EC11DE026652A2B007C85F2 /* Main.storyboard */,
				563196BB269D7888000640E5 /* Popup.storyboard */,
			);
			path = Storyboard;
			sourceTree = "<group>";
		};
/* End PBXGroup section */

/* Begin PBXNativeTarget section */
		2EC11DD626652A2B007C85F2 /* gmoneymap */ = {
			isa = PBXNativeTarget;
			buildConfigurationList = 2EC11DEB26652A2C007C85F2 /* Build configuration list for PBXNativeTarget "gmoneymap" */;
			buildPhases = (
				EC3F0F3BAFB9ED9B97FC9BD0 /* [CP] Check Pods Manifest.lock */,
				2EC11DD326652A2B007C85F2 /* Sources */,
				2EC11DD426652A2B007C85F2 /* Frameworks */,
				2EC11DD526652A2B007C85F2 /* Resources */,
				DD656F03B7BEDB83A07F1E45 /* [CP] Embed Pods Frameworks */,
			);
			buildRules = (
			);
			dependencies = (
			);
			name = gmoneymap;
			productName = gmoneymap;
			productReference = 2EC11DD726652A2B007C85F2 /* gmoneymap.app */;
			productType = "com.apple.product-type.application";
		};
/* End PBXNativeTarget section */

/* Begin PBXProject section */
		2EC11DCF26652A2B007C85F2 /* Project object */ = {
			isa = PBXProject;
			attributes = {
				LastSwiftUpdateCheck = 1250;
				LastUpgradeCheck = 1250;
				TargetAttributes = {
					2EC11DD626652A2B007C85F2 = {
						CreatedOnToolsVersion = 12.5;
					};
				};
			};
			buildConfigurationList = 2EC11DD226652A2B007C85F2 /* Build configuration list for PBXProject "gmoneymap" */;
			compatibilityVersion = "Xcode 9.3";
			developmentRegion = en;
			hasScannedForEncodings = 0;
			knownRegions = (
				en,
				Base,
			);
			mainGroup = 2EC11DCE26652A2B007C85F2;
			productRefGroup = 2EC11DD826652A2B007C85F2 /* Products */;
			projectDirPath = "";
			projectRoot = "";
			targets = (
				2EC11DD626652A2B007C85F2 /* gmoneymap */,
			);
		};
/* End PBXProject section */

/* Begin PBXResourcesBuildPhase section */
		2EC11DD526652A2B007C85F2 /* Resources */ = {
			isa = PBXResourcesBuildPhase;
			buildActionMask = 2147483647;
			files = (
				2EE040EA267E1D37005D917D /* TestLocation.gpx in Resources */,
				2E9D7A082667196000D8625A /* map_present.png in Resources */,
				2E9D79FE2667196000D8625A /* map_pin@3x.png in Resources */,
				2E9D79FC2667196000D8625A /* map_pin_red@3x.png in Resources */,
				2E9D7A072667196000D8625A /* map_pin.png in Resources */,
				2E34A1052674A8F4002F31BF /* TabBarCell.xib in Resources */,
				2E9D7A002667196000D8625A /* map_pin_red.png in Resources */,
				2E9D79F22667196000D8625A /* map_pinup_custom@3x.png in Resources */,
				564CC038269EC52E00DD0968 /* NoticeListCell.xib in Resources */,
				2E9D79FA2667196000D8625A /* copyright.png in Resources */,
				2E9D79F92667196000D8625A /* map_pin_shadow@3x.png in Resources */,
				2EC11DE726652A2C007C85F2 /* LaunchScreen.storyboard in Resources */,
				2E9D79FD2667196000D8625A /* daum_copyright.png in Resources */,
				2E9D7A012667196000D8625A /* info_box.png in Resources */,
				2E9D79F72667196000D8625A /* map_pin_custom@3x.png in Resources */,
				2E9D5B60267A42B10071589C /* MenuView.xib in Resources */,
				2E9D7A0C2667196000D8625A /* map_pin_shadow.png in Resources */,
				2E9D79FF2667196000D8625A /* map_present_tracking.png in Resources */,
				2E9D79F62667196000D8625A /* detail_button.png in Resources */,
				2E9D7A092667196000D8625A /* noimage.png in Resources */,
				563196BC269D7888000640E5 /* Popup.storyboard in Resources */,
				2E9D79FB2667196000D8625A /* th_line.png in Resources */,
				2E9D7A042667196000D8625A /* info_box_tail.png in Resources */,
				2E9D79F32667196000D8625A /* map_pin_custom.png in Resources */,
				2E9D7A032667196000D8625A /* map_pinup_custom.png in Resources */,
				2E9D79F82667196000D8625A /* map_pinup@3x.png in Resources */,
				2E75121726D96C8800828316 /* hanullim.ttf in Resources */,
				2E9D7A022667196000D8625A /* point_sprite.png in Resources */,
				2E9D7A0A2667196000D8625A /* map_present_background_update.png in Resources */,
				2E9D7A062667196000D8625A /* map_present_direction.png in Resources */,
				2E9D7A052667196000D8625A /* noimage256.png in Resources */,
				2E9D5B61267A42B50071589C /* SearchView.xib in Resources */,
				2EF7A15126675FE800732BC3 /* CategoryScrollView.xib in Resources */,
				2EBC1C1E26A7E91A0009FF2B /* ResultListCell.xib in Resources */,
				2E9D79F42667196000D8625A /* shadow_balloon.png in Resources */,
				2EA3389426766AE100D8E9FA /* DownloadView.xib in Resources */,
				2E76B5F7267A46BB00E033EB /* MenuTableViewCell.xib in Resources */,
				2EC11DE426652A2C007C85F2 /* Assets.xcassets in Resources */,
				2EC11DE226652A2B007C85F2 /* Main.storyboard in Resources */,
				2E9D7A0B2667196000D8625A /* daum_th_line.png in Resources */,
				2ED976D426678601009CCCC1 /* CategoryViewCell.xib in Resources */,
				2E9D79F52667196000D8625A /* map_pinup.png in Resources */,
				56F0CE2726A154FF00467859 /* GoogleService-Info.plist in Resources */,
			);
			runOnlyForDeploymentPostprocessing = 0;
		};
/* End PBXResourcesBuildPhase section */

/* Begin PBXShellScriptBuildPhase section */
		DD656F03B7BEDB83A07F1E45 /* [CP] Embed Pods Frameworks */ = {
			isa = PBXShellScriptBuildPhase;
			buildActionMask = 2147483647;
			files = (
			);
			inputFileListPaths = (
				"${PODS_ROOT}/Target Support Files/Pods-gmoneymap/Pods-gmoneymap-frameworks-${CONFIGURATION}-input-files.xcfilelist",
			);
			name = "[CP] Embed Pods Frameworks";
			outputFileListPaths = (
				"${PODS_ROOT}/Target Support Files/Pods-gmoneymap/Pods-gmoneymap-frameworks-${CONFIGURATION}-output-files.xcfilelist",
			);
			runOnlyForDeploymentPostprocessing = 0;
			shellPath = /bin/sh;
			shellScript = "\"${PODS_ROOT}/Target Support Files/Pods-gmoneymap/Pods-gmoneymap-frameworks.sh\"\n";
			showEnvVarsInLog = 0;
		};
		EC3F0F3BAFB9ED9B97FC9BD0 /* [CP] Check Pods Manifest.lock */ = {
			isa = PBXShellScriptBuildPhase;
			buildActionMask = 2147483647;
			files = (
			);
			inputFileListPaths = (
			);
			inputPaths = (
				"${PODS_PODFILE_DIR_PATH}/Podfile.lock",
				"${PODS_ROOT}/Manifest.lock",
			);
			name = "[CP] Check Pods Manifest.lock";
			outputFileListPaths = (
			);
			outputPaths = (
				"$(DERIVED_FILE_DIR)/Pods-gmoneymap-checkManifestLockResult.txt",
			);
			runOnlyForDeploymentPostprocessing = 0;
			shellPath = /bin/sh;
			shellScript = "diff \"${PODS_PODFILE_DIR_PATH}/Podfile.lock\" \"${PODS_ROOT}/Manifest.lock\" > /dev/null\nif [ $? != 0 ] ; then\n    # print error to STDERR\n    echo \"error: The sandbox is not in sync with the Podfile.lock. Run 'pod install' or update your CocoaPods installation.\" >&2\n    exit 1\nfi\n# This output is used by Xcode 'outputs' to avoid re-running this script phase.\necho \"SUCCESS\" > \"${SCRIPT_OUTPUT_FILE_0}\"\n";
			showEnvVarsInLog = 0;
		};
/* End PBXShellScriptBuildPhase section */

/* Begin PBXSourcesBuildPhase section */
		2EC11DD326652A2B007C85F2 /* Sources */ = {
			isa = PBXSourcesBuildPhase;
			buildActionMask = 2147483647;
			files = (
				2E9D5B5C267A41020071589C /* SearchView.swift in Sources */,
				2E9D5B5F267A41060071589C /* MenuView.swift in Sources */,
				2ED976D026677CCE009CCCC1 /* BaseViewWithXIB.swift in Sources */,
				2E1D775C267F27DF00ED58F2 /* GMapService+TargetType.swift in Sources */,
				564CC034269EC28100DD0968 /* NoticeListViewController.swift in Sources */,
				564CC037269EC52E00DD0968 /* NoticeListCell.swift in Sources */,
				2EBC1C1D26A7E91A0009FF2B /* ResultListCell.swift in Sources */,
				2EFE23B0267470EC00AFF2D1 /* ContainerViewController.swift in Sources */,
				2E9889D9268757AD00CC433F /* BaseViewController.swift in Sources */,
				2E81436626A7ECFE007DD828 /* ResultViewController.swift in Sources */,
				2EE040E6267E14FE005D917D /* MapViewController+MTMapView.swift in Sources */,
				2E0251E5267CDFCF00396486 /* UIColorExt.swift in Sources */,
				2EFE23B2267474E800AFF2D1 /* UIViewControllerExt.swift in Sources */,
				2E9D7A20266741BE00D8625A /* UIViewExt.swift in Sources */,
				2EFE23AC26745CB000AFF2D1 /* BottomSheetContainerViewController.swift in Sources */,
				2EFE23AE267470D300AFF2D1 /* BottomSheetViewController.swift in Sources */,
				2E466676267F58E600A57B8B /* SearchModel.swift in Sources */,
				563196B9269D7195000640E5 /* AppInfoPopupViewController.swift in Sources */,
				2EE040E8267E1AE8005D917D /* MapViewController+CLLocationManager.swift in Sources */,
				2ED2703D269B4D5400ED749D /* BasePopupViewController.swift in Sources */,
				2E3E29DD26CEA5A600DA4A2E /* ResultViewController+Search.swift in Sources */,
				2E7D950926DA73B7002F4E21 /* AppFont.swift in Sources */,
				2E34A1042674A8F4002F31BF /* TabBarCell.swift in Sources */,
				2EC11DDB26652A2B007C85F2 /* AppDelegate.swift in Sources */,
				2E9D7A1726671BB800D8625A /* NSObjectExt.swift in Sources */,
				2E204A5126710961002C03C1 /* Screen.swift in Sources */,
				2E9D5B59267A403B0071589C /* BottomSheetViewController+UIScrollView.swift in Sources */,
				2E9D7A1826671BB800D8625A /* DynamicSizeExt.swift in Sources */,
				2E466671267F48DE00A57B8B /* SearchViewModel.swift in Sources */,
				2EC38FDB266CD6F0008D2CE4 /* MapViewController.swift in Sources */,
				2E9D5B57267A400A0071589C /* BottomSheetViewController+UICollectionView.swift in Sources */,
				2E9D7A1626671BB800D8625A /* UITableViewExt.swift in Sources */,
				2E9D7A1C26671C4500D8625A /* CustomKit.swift in Sources */,
				2E9D7A1A26671BB800D8625A /* DynamicSize.swift in Sources */,
				2ED2703B269B4D2E00ED749D /* OverlapDialogViewController.swift in Sources */,
				2E46576826872A010078727B /* GMapManager.swift in Sources */,
				56F0CE2926A15E1500467859 /* DataDownloadViewController.swift in Sources */,
				2EF7A15026675FE800732BC3 /* CategoryScrollView.swift in Sources */,
				2EC38FE2266E6CCC008D2CE4 /* GMapDefine.swift in Sources */,
				2E34A1072674B90B002F31BF /* UICollectionViewExt.swift in Sources */,
				2E466673267F494500A57B8B /* VerbosePlugin.swift in Sources */,
				2E76B5F6267A46BB00E033EB /* MenuTableViewCell.swift in Sources */,
				2EA338912676683E00D8E9FA /* DownloadView.swift in Sources */,
				2E68E62C266F9BA600172E6F /* Keyboard.swift in Sources */,
				2E8453932694EAE60097D868 /* BottomPickerViewTextField.swift in Sources */,
				2E1D775A267F270F00ED58F2 /* GMapService.swift in Sources */,
				2E26B1FE269AED3A0099B754 /* DetailDialogViewController.swift in Sources */,
				2ED976D326678601009CCCC1 /* CategoryViewCell.swift in Sources */,
			);
			runOnlyForDeploymentPostprocessing = 0;
		};
/* End PBXSourcesBuildPhase section */

/* Begin PBXVariantGroup section */
		2EC11DE026652A2B007C85F2 /* Main.storyboard */ = {
			isa = PBXVariantGroup;
			children = (
				2EC11DE126652A2B007C85F2 /* Base */,
			);
			name = Main.storyboard;
			sourceTree = "<group>";
		};
		2EC11DE526652A2C007C85F2 /* LaunchScreen.storyboard */ = {
			isa = PBXVariantGroup;
			children = (
				2EC11DE626652A2C007C85F2 /* Base */,
			);
			name = LaunchScreen.storyboard;
			sourceTree = "<group>";
		};
/* End PBXVariantGroup section */

/* Begin XCBuildConfiguration section */
		2EC11DE926652A2C007C85F2 /* Debug */ = {
			isa = XCBuildConfiguration;
			buildSettings = {
				ALWAYS_SEARCH_USER_PATHS = NO;
				CLANG_ANALYZER_NONNULL = YES;
				CLANG_ANALYZER_NUMBER_OBJECT_CONVERSION = YES_AGGRESSIVE;
				CLANG_CXX_LANGUAGE_STANDARD = "gnu++14";
				CLANG_CXX_LIBRARY = "libc++";
				CLANG_ENABLE_MODULES = YES;
				CLANG_ENABLE_OBJC_ARC = YES;
				CLANG_ENABLE_OBJC_WEAK = YES;
				CLANG_WARN_BLOCK_CAPTURE_AUTORELEASING = YES;
				CLANG_WARN_BOOL_CONVERSION = YES;
				CLANG_WARN_COMMA = YES;
				CLANG_WARN_CONSTANT_CONVERSION = YES;
				CLANG_WARN_DEPRECATED_OBJC_IMPLEMENTATIONS = YES;
				CLANG_WARN_DIRECT_OBJC_ISA_USAGE = YES_ERROR;
				CLANG_WARN_DOCUMENTATION_COMMENTS = YES;
				CLANG_WARN_EMPTY_BODY = YES;
				CLANG_WARN_ENUM_CONVERSION = YES;
				CLANG_WARN_INFINITE_RECURSION = YES;
				CLANG_WARN_INT_CONVERSION = YES;
				CLANG_WARN_NON_LITERAL_NULL_CONVERSION = YES;
				CLANG_WARN_OBJC_IMPLICIT_RETAIN_SELF = YES;
				CLANG_WARN_OBJC_LITERAL_CONVERSION = YES;
				CLANG_WARN_OBJC_ROOT_CLASS = YES_ERROR;
				CLANG_WARN_QUOTED_INCLUDE_IN_FRAMEWORK_HEADER = YES;
				CLANG_WARN_RANGE_LOOP_ANALYSIS = YES;
				CLANG_WARN_STRICT_PROTOTYPES = YES;
				CLANG_WARN_SUSPICIOUS_MOVE = YES;
				CLANG_WARN_UNGUARDED_AVAILABILITY = YES_AGGRESSIVE;
				CLANG_WARN_UNREACHABLE_CODE = YES;
				CLANG_WARN__DUPLICATE_METHOD_MATCH = YES;
				COPY_PHASE_STRIP = NO;
				DEBUG_INFORMATION_FORMAT = dwarf;
				ENABLE_STRICT_OBJC_MSGSEND = YES;
				ENABLE_TESTABILITY = YES;
				GCC_C_LANGUAGE_STANDARD = gnu11;
				GCC_DYNAMIC_NO_PIC = NO;
				GCC_NO_COMMON_BLOCKS = YES;
				GCC_OPTIMIZATION_LEVEL = 0;
				GCC_PREPROCESSOR_DEFINITIONS = (
					"DEBUG=1",
					"$(inherited)",
				);
				GCC_WARN_64_TO_32_BIT_CONVERSION = YES;
				GCC_WARN_ABOUT_RETURN_TYPE = YES_ERROR;
				GCC_WARN_UNDECLARED_SELECTOR = YES;
				GCC_WARN_UNINITIALIZED_AUTOS = YES_AGGRESSIVE;
				GCC_WARN_UNUSED_FUNCTION = YES;
				GCC_WARN_UNUSED_VARIABLE = YES;
				IPHONEOS_DEPLOYMENT_TARGET = 14.5;
				MTL_ENABLE_DEBUG_INFO = INCLUDE_SOURCE;
				MTL_FAST_MATH = YES;
				ONLY_ACTIVE_ARCH = YES;
				SDKROOT = iphoneos;
				SWIFT_ACTIVE_COMPILATION_CONDITIONS = DEBUG;
				SWIFT_OPTIMIZATION_LEVEL = "-Onone";
			};
			name = Debug;
		};
		2EC11DEA26652A2C007C85F2 /* Release */ = {
			isa = XCBuildConfiguration;
			buildSettings = {
				ALWAYS_SEARCH_USER_PATHS = NO;
				CLANG_ANALYZER_NONNULL = YES;
				CLANG_ANALYZER_NUMBER_OBJECT_CONVERSION = YES_AGGRESSIVE;
				CLANG_CXX_LANGUAGE_STANDARD = "gnu++14";
				CLANG_CXX_LIBRARY = "libc++";
				CLANG_ENABLE_MODULES = YES;
				CLANG_ENABLE_OBJC_ARC = YES;
				CLANG_ENABLE_OBJC_WEAK = YES;
				CLANG_WARN_BLOCK_CAPTURE_AUTORELEASING = YES;
				CLANG_WARN_BOOL_CONVERSION = YES;
				CLANG_WARN_COMMA = YES;
				CLANG_WARN_CONSTANT_CONVERSION = YES;
				CLANG_WARN_DEPRECATED_OBJC_IMPLEMENTATIONS = YES;
				CLANG_WARN_DIRECT_OBJC_ISA_USAGE = YES_ERROR;
				CLANG_WARN_DOCUMENTATION_COMMENTS = YES;
				CLANG_WARN_EMPTY_BODY = YES;
				CLANG_WARN_ENUM_CONVERSION = YES;
				CLANG_WARN_INFINITE_RECURSION = YES;
				CLANG_WARN_INT_CONVERSION = YES;
				CLANG_WARN_NON_LITERAL_NULL_CONVERSION = YES;
				CLANG_WARN_OBJC_IMPLICIT_RETAIN_SELF = YES;
				CLANG_WARN_OBJC_LITERAL_CONVERSION = YES;
				CLANG_WARN_OBJC_ROOT_CLASS = YES_ERROR;
				CLANG_WARN_QUOTED_INCLUDE_IN_FRAMEWORK_HEADER = YES;
				CLANG_WARN_RANGE_LOOP_ANALYSIS = YES;
				CLANG_WARN_STRICT_PROTOTYPES = YES;
				CLANG_WARN_SUSPICIOUS_MOVE = YES;
				CLANG_WARN_UNGUARDED_AVAILABILITY = YES_AGGRESSIVE;
				CLANG_WARN_UNREACHABLE_CODE = YES;
				CLANG_WARN__DUPLICATE_METHOD_MATCH = YES;
				COPY_PHASE_STRIP = NO;
				DEBUG_INFORMATION_FORMAT = "dwarf-with-dsym";
				ENABLE_NS_ASSERTIONS = NO;
				ENABLE_STRICT_OBJC_MSGSEND = YES;
				GCC_C_LANGUAGE_STANDARD = gnu11;
				GCC_NO_COMMON_BLOCKS = YES;
				GCC_WARN_64_TO_32_BIT_CONVERSION = YES;
				GCC_WARN_ABOUT_RETURN_TYPE = YES_ERROR;
				GCC_WARN_UNDECLARED_SELECTOR = YES;
				GCC_WARN_UNINITIALIZED_AUTOS = YES_AGGRESSIVE;
				GCC_WARN_UNUSED_FUNCTION = YES;
				GCC_WARN_UNUSED_VARIABLE = YES;
				IPHONEOS_DEPLOYMENT_TARGET = 14.5;
				MTL_ENABLE_DEBUG_INFO = NO;
				MTL_FAST_MATH = YES;
				SDKROOT = iphoneos;
				SWIFT_COMPILATION_MODE = wholemodule;
				SWIFT_OPTIMIZATION_LEVEL = "-O";
				VALIDATE_PRODUCT = YES;
			};
			name = Release;
		};
		2EC11DEC26652A2C007C85F2 /* Debug */ = {
			isa = XCBuildConfiguration;
			baseConfigurationReference = 4D547EF6617ADDFBCD207879 /* Pods-gmoneymap.debug.xcconfig */;
			buildSettings = {
				ASSETCATALOG_COMPILER_APPICON_NAME = AppIcon;
				ASSETCATALOG_COMPILER_GLOBAL_ACCENT_COLOR_NAME = AccentColor;
				CLANG_ENABLE_OBJC_ARC = NO;
				CODE_SIGN_IDENTITY = "Apple Development";
				CODE_SIGN_STYLE = Automatic;
				DEVELOPMENT_TEAM = SF22ZGG62W;
				FRAMEWORK_SEARCH_PATHS = (
					"$(inherited)",
					"$(PROJECT_DIR)",
					"$(PROJECT_DIR)/DaumMap.embeddedframework",
				);
				INFOPLIST_FILE = gmoneymap/Info.plist;
				IPHONEOS_DEPLOYMENT_TARGET = 13.0;
				LD_RUNPATH_SEARCH_PATHS = (
					"$(inherited)",
					"@executable_path/Frameworks",
				);
				PRODUCT_BUNDLE_IDENTIFIER = com.chance.gmoneymap;
				PRODUCT_NAME = "$(TARGET_NAME)";
				PROVISIONING_PROFILE_SPECIFIER = "";
				SWIFT_OBJC_BRIDGING_HEADER = "gmoneymap/Bridging-Header.h";
				SWIFT_VERSION = 5.0;
				TARGETED_DEVICE_FAMILY = "1,2";
			};
			name = Debug;
		};
		2EC11DED26652A2C007C85F2 /* Release */ = {
			isa = XCBuildConfiguration;
			baseConfigurationReference = 1D7E68B229E83DB032524148 /* Pods-gmoneymap.release.xcconfig */;
			buildSettings = {
				ASSETCATALOG_COMPILER_APPICON_NAME = AppIcon;
				ASSETCATALOG_COMPILER_GLOBAL_ACCENT_COLOR_NAME = AccentColor;
				CLANG_ENABLE_OBJC_ARC = NO;
				CODE_SIGN_IDENTITY = "Apple Development";
				CODE_SIGN_STYLE = Automatic;
				DEVELOPMENT_TEAM = SF22ZGG62W;
				FRAMEWORK_SEARCH_PATHS = (
					"$(inherited)",
					"$(PROJECT_DIR)",
					"$(PROJECT_DIR)/DaumMap.embeddedframework",
				);
				INFOPLIST_FILE = gmoneymap/Info.plist;
				IPHONEOS_DEPLOYMENT_TARGET = 13.0;
				LD_RUNPATH_SEARCH_PATHS = (
					"$(inherited)",
					"@executable_path/Frameworks",
				);
				PRODUCT_BUNDLE_IDENTIFIER = com.chance.gmoneymap;
				PRODUCT_NAME = "$(TARGET_NAME)";
				PROVISIONING_PROFILE_SPECIFIER = "";
				SWIFT_OBJC_BRIDGING_HEADER = "gmoneymap/Bridging-Header.h";
				SWIFT_VERSION = 5.0;
				TARGETED_DEVICE_FAMILY = "1,2";
			};
			name = Release;
		};
/* End XCBuildConfiguration section */

/* Begin XCConfigurationList section */
		2EC11DD226652A2B007C85F2 /* Build configuration list for PBXProject "gmoneymap" */ = {
			isa = XCConfigurationList;
			buildConfigurations = (
				2EC11DE926652A2C007C85F2 /* Debug */,
				2EC11DEA26652A2C007C85F2 /* Release */,
			);
			defaultConfigurationIsVisible = 0;
			defaultConfigurationName = Release;
		};
		2EC11DEB26652A2C007C85F2 /* Build configuration list for PBXNativeTarget "gmoneymap" */ = {
			isa = XCConfigurationList;
			buildConfigurations = (
				2EC11DEC26652A2C007C85F2 /* Debug */,
				2EC11DED26652A2C007C85F2 /* Release */,
			);
			defaultConfigurationIsVisible = 0;
			defaultConfigurationName = Release;
		};
/* End XCConfigurationList section */
	};
	rootObject = 2EC11DCF26652A2B007C85F2 /* Project object */;
}
